// !$*UTF8*$!
{
	archiveVersion = 1;
	classes = {
	};
	objectVersion = 46;
	objects = {

/* Begin PBXBuildFile section */
		18CB96233EAA62AE7E5B4618 /* Pods_Listenn.framework in Frameworks */ = {isa = PBXBuildFile; fileRef = D18B52560359272E54FC7E82 /* Pods_Listenn.framework */; };
		ECDBDF6E1D286C9700CCE6B3 /* FilterViewController.swift in Sources */ = {isa = PBXBuildFile; fileRef = ECDBDF6D1D286C9700CCE6B3 /* FilterViewController.swift */; };
		ECDBDF711D288BDA00CCE6B3 /* SwitchCell.swift in Sources */ = {isa = PBXBuildFile; fileRef = ECDBDF701D288BDA00CCE6B3 /* SwitchCell.swift */; };
		ECDBDF731D288BEE00CCE6B3 /* SelectCell.swift in Sources */ = {isa = PBXBuildFile; fileRef = ECDBDF721D288BEE00CCE6B3 /* SelectCell.swift */; };
		ECDBDF751D288BFB00CCE6B3 /* ResetCell.swift in Sources */ = {isa = PBXBuildFile; fileRef = ECDBDF741D288BFB00CCE6B3 /* ResetCell.swift */; };
		ECDBDF771D288C2800CCE6B3 /* FeedbackCell.swift in Sources */ = {isa = PBXBuildFile; fileRef = ECDBDF761D288C2800CCE6B3 /* FeedbackCell.swift */; };
		FA43D3951D0CB4C100551240 /* LocationService.swift in Sources */ = {isa = PBXBuildFile; fileRef = FA43D3941D0CB4C100551240 /* LocationService.swift */; };
		FA6436E31CDDA7A200484FFD /* Annotation.swift in Sources */ = {isa = PBXBuildFile; fileRef = FA6436E21CDDA7A200484FFD /* Annotation.swift */; };
		FA6436E51CDDA7AF00484FFD /* SonarAnnotationView.swift in Sources */ = {isa = PBXBuildFile; fileRef = FA6436E41CDDA7AF00484FFD /* SonarAnnotationView.swift */; };
		FA7CE0E91CD8D311001F4268 /* WikiArticle.swift in Sources */ = {isa = PBXBuildFile; fileRef = FA7CE0E81CD8D311001F4268 /* WikiArticle.swift */; };
		FA7CE0EB1CD8DC1A001F4268 /* MapController.swift in Sources */ = {isa = PBXBuildFile; fileRef = FA7CE0EA1CD8DC1A001F4268 /* MapController.swift */; };
		FA7CE0EF1CD8DF00001F4268 /* ListController.swift in Sources */ = {isa = PBXBuildFile; fileRef = FA7CE0EE1CD8DF00001F4268 /* ListController.swift */; };
		FA938B181CD84E5B00CD5E92 /* AppDelegate.swift in Sources */ = {isa = PBXBuildFile; fileRef = FA938B171CD84E5B00CD5E92 /* AppDelegate.swift */; };
		FA938B1A1CD84E5B00CD5E92 /* ViewController.swift in Sources */ = {isa = PBXBuildFile; fileRef = FA938B191CD84E5B00CD5E92 /* ViewController.swift */; };
		FA938B1D1CD84E5B00CD5E92 /* Main.storyboard in Resources */ = {isa = PBXBuildFile; fileRef = FA938B1B1CD84E5B00CD5E92 /* Main.storyboard */; };
		FA938B1F1CD84E5B00CD5E92 /* Assets.xcassets in Resources */ = {isa = PBXBuildFile; fileRef = FA938B1E1CD84E5B00CD5E92 /* Assets.xcassets */; };
		FA938B221CD84E5B00CD5E92 /* LaunchScreen.storyboard in Resources */ = {isa = PBXBuildFile; fileRef = FA938B201CD84E5B00CD5E92 /* LaunchScreen.storyboard */; };
		FA938B2D1CD84E5B00CD5E92 /* ListennTests.swift in Sources */ = {isa = PBXBuildFile; fileRef = FA938B2C1CD84E5B00CD5E92 /* ListennTests.swift */; };
		FA938B381CD84E5B00CD5E92 /* ListennUITests.swift in Sources */ = {isa = PBXBuildFile; fileRef = FA938B371CD84E5B00CD5E92 /* ListennUITests.swift */; };
		FAA2F2771CD8E41300F12C4B /* WikiManager.swift in Sources */ = {isa = PBXBuildFile; fileRef = FAA2F2761CD8E41300F12C4B /* WikiManager.swift */; };
		FABE61FA1CFA2FBB000C05A7 /* SVGeocoder.m in Sources */ = {isa = PBXBuildFile; fileRef = FABE61F71CFA2FBB000C05A7 /* SVGeocoder.m */; };
		FABE61FB1CFA2FBB000C05A7 /* SVPlacemark.m in Sources */ = {isa = PBXBuildFile; fileRef = FABE61F91CFA2FBB000C05A7 /* SVPlacemark.m */; };
		FAC0A74D1CD9E6CB00D33410 /* ArticleCell.swift in Sources */ = {isa = PBXBuildFile; fileRef = FAC0A74C1CD9E6CB00D33410 /* ArticleCell.swift */; };
/* End PBXBuildFile section */

/* Begin PBXContainerItemProxy section */
		FA938B291CD84E5B00CD5E92 /* PBXContainerItemProxy */ = {
			isa = PBXContainerItemProxy;
			containerPortal = FA938B0C1CD84E5B00CD5E92 /* Project object */;
			proxyType = 1;
			remoteGlobalIDString = FA938B131CD84E5B00CD5E92;
			remoteInfo = Listenn;
		};
		FA938B341CD84E5B00CD5E92 /* PBXContainerItemProxy */ = {
			isa = PBXContainerItemProxy;
			containerPortal = FA938B0C1CD84E5B00CD5E92 /* Project object */;
			proxyType = 1;
			remoteGlobalIDString = FA938B131CD84E5B00CD5E92;
			remoteInfo = Listenn;
		};
/* End PBXContainerItemProxy section */

/* Begin PBXFileReference section */
		19590A08CB9695B9D5C3B729 /* Pods-Listenn.debug.xcconfig */ = {isa = PBXFileReference; includeInIndex = 1; lastKnownFileType = text.xcconfig; name = "Pods-Listenn.debug.xcconfig"; path = "Pods/Target Support Files/Pods-Listenn/Pods-Listenn.debug.xcconfig"; sourceTree = "<group>"; };
		85929B717D0872683508A405 /* Pods-Listenn.release.xcconfig */ = {isa = PBXFileReference; includeInIndex = 1; lastKnownFileType = text.xcconfig; name = "Pods-Listenn.release.xcconfig"; path = "Pods/Target Support Files/Pods-Listenn/Pods-Listenn.release.xcconfig"; sourceTree = "<group>"; };
		D18B52560359272E54FC7E82 /* Pods_Listenn.framework */ = {isa = PBXFileReference; explicitFileType = wrapper.framework; includeInIndex = 0; path = Pods_Listenn.framework; sourceTree = BUILT_PRODUCTS_DIR; };
		ECDBDF6D1D286C9700CCE6B3 /* FilterViewController.swift */ = {isa = PBXFileReference; fileEncoding = 4; lastKnownFileType = sourcecode.swift; path = FilterViewController.swift; sourceTree = "<group>"; };
		ECDBDF701D288BDA00CCE6B3 /* SwitchCell.swift */ = {isa = PBXFileReference; fileEncoding = 4; lastKnownFileType = sourcecode.swift; path = SwitchCell.swift; sourceTree = "<group>"; };
		ECDBDF721D288BEE00CCE6B3 /* SelectCell.swift */ = {isa = PBXFileReference; fileEncoding = 4; lastKnownFileType = sourcecode.swift; path = SelectCell.swift; sourceTree = "<group>"; };
		ECDBDF741D288BFB00CCE6B3 /* ResetCell.swift */ = {isa = PBXFileReference; fileEncoding = 4; lastKnownFileType = sourcecode.swift; path = ResetCell.swift; sourceTree = "<group>"; };
		ECDBDF761D288C2800CCE6B3 /* FeedbackCell.swift */ = {isa = PBXFileReference; fileEncoding = 4; lastKnownFileType = sourcecode.swift; path = FeedbackCell.swift; sourceTree = "<group>"; };
		FA43D3941D0CB4C100551240 /* LocationService.swift */ = {isa = PBXFileReference; fileEncoding = 4; lastKnownFileType = sourcecode.swift; path = LocationService.swift; sourceTree = "<group>"; };
		FA6436E21CDDA7A200484FFD /* Annotation.swift */ = {isa = PBXFileReference; fileEncoding = 4; lastKnownFileType = sourcecode.swift; path = Annotation.swift; sourceTree = "<group>"; };
		FA6436E41CDDA7AF00484FFD /* SonarAnnotationView.swift */ = {isa = PBXFileReference; fileEncoding = 4; lastKnownFileType = sourcecode.swift; path = SonarAnnotationView.swift; sourceTree = "<group>"; };
		FA7CE0E81CD8D311001F4268 /* WikiArticle.swift */ = {isa = PBXFileReference; fileEncoding = 4; lastKnownFileType = sourcecode.swift; path = WikiArticle.swift; sourceTree = "<group>"; };
		FA7CE0EA1CD8DC1A001F4268 /* MapController.swift */ = {isa = PBXFileReference; fileEncoding = 4; lastKnownFileType = sourcecode.swift; path = MapController.swift; sourceTree = "<group>"; };
		FA7CE0EE1CD8DF00001F4268 /* ListController.swift */ = {isa = PBXFileReference; fileEncoding = 4; lastKnownFileType = sourcecode.swift; path = ListController.swift; sourceTree = "<group>"; };
		FA938B141CD84E5B00CD5E92 /* Listenn.app */ = {isa = PBXFileReference; explicitFileType = wrapper.application; includeInIndex = 0; path = Listenn.app; sourceTree = BUILT_PRODUCTS_DIR; };
		FA938B171CD84E5B00CD5E92 /* AppDelegate.swift */ = {isa = PBXFileReference; lastKnownFileType = sourcecode.swift; path = AppDelegate.swift; sourceTree = "<group>"; };
		FA938B191CD84E5B00CD5E92 /* ViewController.swift */ = {isa = PBXFileReference; lastKnownFileType = sourcecode.swift; path = ViewController.swift; sourceTree = "<group>"; };
		FA938B1C1CD84E5B00CD5E92 /* Base */ = {isa = PBXFileReference; lastKnownFileType = file.storyboard; name = Base; path = Base.lproj/Main.storyboard; sourceTree = "<group>"; };
		FA938B1E1CD84E5B00CD5E92 /* Assets.xcassets */ = {isa = PBXFileReference; lastKnownFileType = folder.assetcatalog; path = Assets.xcassets; sourceTree = "<group>"; };
		FA938B211CD84E5B00CD5E92 /* Base */ = {isa = PBXFileReference; lastKnownFileType = file.storyboard; name = Base; path = Base.lproj/LaunchScreen.storyboard; sourceTree = "<group>"; };
		FA938B231CD84E5B00CD5E92 /* Info.plist */ = {isa = PBXFileReference; lastKnownFileType = text.plist.xml; path = Info.plist; sourceTree = "<group>"; };
		FA938B281CD84E5B00CD5E92 /* ListennTests.xctest */ = {isa = PBXFileReference; explicitFileType = wrapper.cfbundle; includeInIndex = 0; path = ListennTests.xctest; sourceTree = BUILT_PRODUCTS_DIR; };
		FA938B2C1CD84E5B00CD5E92 /* ListennTests.swift */ = {isa = PBXFileReference; lastKnownFileType = sourcecode.swift; path = ListennTests.swift; sourceTree = "<group>"; };
		FA938B2E1CD84E5B00CD5E92 /* Info.plist */ = {isa = PBXFileReference; lastKnownFileType = text.plist.xml; path = Info.plist; sourceTree = "<group>"; };
		FA938B331CD84E5B00CD5E92 /* ListennUITests.xctest */ = {isa = PBXFileReference; explicitFileType = wrapper.cfbundle; includeInIndex = 0; path = ListennUITests.xctest; sourceTree = BUILT_PRODUCTS_DIR; };
		FA938B371CD84E5B00CD5E92 /* ListennUITests.swift */ = {isa = PBXFileReference; lastKnownFileType = sourcecode.swift; path = ListennUITests.swift; sourceTree = "<group>"; };
		FA938B391CD84E5B00CD5E92 /* Info.plist */ = {isa = PBXFileReference; lastKnownFileType = text.plist.xml; path = Info.plist; sourceTree = "<group>"; };
		FAA2F2761CD8E41300F12C4B /* WikiManager.swift */ = {isa = PBXFileReference; fileEncoding = 4; lastKnownFileType = sourcecode.swift; path = WikiManager.swift; sourceTree = "<group>"; };
		FABE61F51CFA2FBA000C05A7 /* Listenn-Bridging-Header.h */ = {isa = PBXFileReference; lastKnownFileType = sourcecode.c.h; path = "Listenn-Bridging-Header.h"; sourceTree = "<group>"; };
		FABE61F61CFA2FBB000C05A7 /* SVGeocoder.h */ = {isa = PBXFileReference; fileEncoding = 4; lastKnownFileType = sourcecode.c.h; path = SVGeocoder.h; sourceTree = "<group>"; };
		FABE61F71CFA2FBB000C05A7 /* SVGeocoder.m */ = {isa = PBXFileReference; fileEncoding = 4; lastKnownFileType = sourcecode.c.objc; path = SVGeocoder.m; sourceTree = "<group>"; };
		FABE61F81CFA2FBB000C05A7 /* SVPlacemark.h */ = {isa = PBXFileReference; fileEncoding = 4; lastKnownFileType = sourcecode.c.h; path = SVPlacemark.h; sourceTree = "<group>"; };
		FABE61F91CFA2FBB000C05A7 /* SVPlacemark.m */ = {isa = PBXFileReference; fileEncoding = 4; lastKnownFileType = sourcecode.c.objc; path = SVPlacemark.m; sourceTree = "<group>"; };
		FAC0A74C1CD9E6CB00D33410 /* ArticleCell.swift */ = {isa = PBXFileReference; fileEncoding = 4; lastKnownFileType = sourcecode.swift; path = ArticleCell.swift; sourceTree = "<group>"; };
/* End PBXFileReference section */

/* Begin PBXFrameworksBuildPhase section */
		FA938B111CD84E5B00CD5E92 /* Frameworks */ = {
			isa = PBXFrameworksBuildPhase;
			buildActionMask = 2147483647;
			files = (
				18CB96233EAA62AE7E5B4618 /* Pods_Listenn.framework in Frameworks */,
			);
			runOnlyForDeploymentPostprocessing = 0;
		};
		FA938B251CD84E5B00CD5E92 /* Frameworks */ = {
			isa = PBXFrameworksBuildPhase;
			buildActionMask = 2147483647;
			files = (
			);
			runOnlyForDeploymentPostprocessing = 0;
		};
		FA938B301CD84E5B00CD5E92 /* Frameworks */ = {
			isa = PBXFrameworksBuildPhase;
			buildActionMask = 2147483647;
			files = (
			);
			runOnlyForDeploymentPostprocessing = 0;
		};
/* End PBXFrameworksBuildPhase section */

/* Begin PBXGroup section */
		C5A8CB8C7B0314F37EB5F7B5 /* Pods */ = {
			isa = PBXGroup;
			children = (
				19590A08CB9695B9D5C3B729 /* Pods-Listenn.debug.xcconfig */,
				85929B717D0872683508A405 /* Pods-Listenn.release.xcconfig */,
			);
			name = Pods;
			sourceTree = "<group>";
		};
		E52AFEA96922A43484A5DE3C /* Frameworks */ = {
			isa = PBXGroup;
			children = (
				D18B52560359272E54FC7E82 /* Pods_Listenn.framework */,
			);
			name = Frameworks;
			sourceTree = "<group>";
		};
		ECDBDF6F1D288B9500CCE6B3 /* FilterCells */ = {
			isa = PBXGroup;
			children = (
				ECDBDF701D288BDA00CCE6B3 /* SwitchCell.swift */,
				ECDBDF721D288BEE00CCE6B3 /* SelectCell.swift */,
				ECDBDF741D288BFB00CCE6B3 /* ResetCell.swift */,
				ECDBDF761D288C2800CCE6B3 /* FeedbackCell.swift */,
			);
			name = FilterCells;
			sourceTree = "<group>";
		};
		FA43D3911D0CAFA000551240 /* Storyboard */ = {
			isa = PBXGroup;
			children = (
				FA938B201CD84E5B00CD5E92 /* LaunchScreen.storyboard */,
				FA938B1B1CD84E5B00CD5E92 /* Main.storyboard */,
			);
			name = Storyboard;
			sourceTree = "<group>";
		};
		FA7CE0EC1CD8DE47001F4268 /* Models */ = {
			isa = PBXGroup;
			children = (
				FA6436E21CDDA7A200484FFD /* Annotation.swift */,
				FAA2F2761CD8E41300F12C4B /* WikiManager.swift */,
				FA7CE0E81CD8D311001F4268 /* WikiArticle.swift */,
			);
			name = Models;
			sourceTree = "<group>";
		};
		FA7CE0ED1CD8DE50001F4268 /* View Controllers */ = {
			isa = PBXGroup;
			children = (
				FA938B191CD84E5B00CD5E92 /* ViewController.swift */,
				FA7CE0EA1CD8DC1A001F4268 /* MapController.swift */,
				FA7CE0EE1CD8DF00001F4268 /* ListController.swift */,
				ECDBDF6D1D286C9700CCE6B3 /* FilterViewController.swift */,
			);
			name = "View Controllers";
			sourceTree = "<group>";
		};
		FA938B0B1CD84E5B00CD5E92 = {
			isa = PBXGroup;
			children = (
				FA938B161CD84E5B00CD5E92 /* Listenn */,
				FA938B2B1CD84E5B00CD5E92 /* ListennTests */,
				FA938B361CD84E5B00CD5E92 /* ListennUITests */,
				FA938B151CD84E5B00CD5E92 /* Products */,
				C5A8CB8C7B0314F37EB5F7B5 /* Pods */,
				E52AFEA96922A43484A5DE3C /* Frameworks */,
			);
			sourceTree = "<group>";
		};
		FA938B151CD84E5B00CD5E92 /* Products */ = {
			isa = PBXGroup;
			children = (
				FA938B141CD84E5B00CD5E92 /* Listenn.app */,
				FA938B281CD84E5B00CD5E92 /* ListennTests.xctest */,
				FA938B331CD84E5B00CD5E92 /* ListennUITests.xctest */,
			);
			name = Products;
			sourceTree = "<group>";
		};
		FA938B161CD84E5B00CD5E92 /* Listenn */ = {
			isa = PBXGroup;
			children = (
				FA938B171CD84E5B00CD5E92 /* AppDelegate.swift */,
				FA938B231CD84E5B00CD5E92 /* Info.plist */,
				FA938B1E1CD84E5B00CD5E92 /* Assets.xcassets */,
				FA43D3911D0CAFA000551240 /* Storyboard */,
				FA7CE0ED1CD8DE50001F4268 /* View Controllers */,
				FAC0A74B1CD9E6AD00D33410 /* Views */,
				FA7CE0EC1CD8DE47001F4268 /* Models */,
				FABE61F41CFA2FA3000C05A7 /* Supporting Files */,
			);
			path = Listenn;
			sourceTree = "<group>";
		};
		FA938B2B1CD84E5B00CD5E92 /* ListennTests */ = {
			isa = PBXGroup;
			children = (
				FA938B2C1CD84E5B00CD5E92 /* ListennTests.swift */,
				FA938B2E1CD84E5B00CD5E92 /* Info.plist */,
			);
			path = ListennTests;
			sourceTree = "<group>";
		};
		FA938B361CD84E5B00CD5E92 /* ListennUITests */ = {
			isa = PBXGroup;
			children = (
				FA938B371CD84E5B00CD5E92 /* ListennUITests.swift */,
				FA938B391CD84E5B00CD5E92 /* Info.plist */,
			);
			path = ListennUITests;
			sourceTree = "<group>";
		};
		FABE61F41CFA2FA3000C05A7 /* Supporting Files */ = {
			isa = PBXGroup;
			children = (
				FA43D3941D0CB4C100551240 /* LocationService.swift */,
				FABE61F61CFA2FBB000C05A7 /* SVGeocoder.h */,
				FABE61F71CFA2FBB000C05A7 /* SVGeocoder.m */,
				FABE61F81CFA2FBB000C05A7 /* SVPlacemark.h */,
				FABE61F91CFA2FBB000C05A7 /* SVPlacemark.m */,
				FABE61F51CFA2FBA000C05A7 /* Listenn-Bridging-Header.h */,
			);
			name = "Supporting Files";
			sourceTree = "<group>";
		};
		FAC0A74B1CD9E6AD00D33410 /* Views */ = {
			isa = PBXGroup;
			children = (
				ECDBDF6F1D288B9500CCE6B3 /* FilterCells */,
				FA6436E41CDDA7AF00484FFD /* SonarAnnotationView.swift */,
				FAC0A74C1CD9E6CB00D33410 /* ArticleCell.swift */,
			);
			name = Views;
			sourceTree = "<group>";
		};
/* End PBXGroup section */

/* Begin PBXNativeTarget section */
		FA938B131CD84E5B00CD5E92 /* Listenn */ = {
			isa = PBXNativeTarget;
			buildConfigurationList = FA938B3C1CD84E5B00CD5E92 /* Build configuration list for PBXNativeTarget "Listenn" */;
			buildPhases = (
				464D66E9FD0B7BA795CA637F /* Check Pods Manifest.lock */,
				FA938B101CD84E5B00CD5E92 /* Sources */,
				FA938B111CD84E5B00CD5E92 /* Frameworks */,
				FA938B121CD84E5B00CD5E92 /* Resources */,
				31622F77343B82B9349C4401 /* Embed Pods Frameworks */,
				CB36CD1B175A5CA86715DFD6 /* Copy Pods Resources */,
			);
			buildRules = (
			);
			dependencies = (
			);
			name = Listenn;
			productName = Listenn;
			productReference = FA938B141CD84E5B00CD5E92 /* Listenn.app */;
			productType = "com.apple.product-type.application";
		};
		FA938B271CD84E5B00CD5E92 /* ListennTests */ = {
			isa = PBXNativeTarget;
			buildConfigurationList = FA938B3F1CD84E5B00CD5E92 /* Build configuration list for PBXNativeTarget "ListennTests" */;
			buildPhases = (
				FA938B241CD84E5B00CD5E92 /* Sources */,
				FA938B251CD84E5B00CD5E92 /* Frameworks */,
				FA938B261CD84E5B00CD5E92 /* Resources */,
			);
			buildRules = (
			);
			dependencies = (
				FA938B2A1CD84E5B00CD5E92 /* PBXTargetDependency */,
			);
			name = ListennTests;
			productName = ListennTests;
			productReference = FA938B281CD84E5B00CD5E92 /* ListennTests.xctest */;
			productType = "com.apple.product-type.bundle.unit-test";
		};
		FA938B321CD84E5B00CD5E92 /* ListennUITests */ = {
			isa = PBXNativeTarget;
			buildConfigurationList = FA938B421CD84E5B00CD5E92 /* Build configuration list for PBXNativeTarget "ListennUITests" */;
			buildPhases = (
				FA938B2F1CD84E5B00CD5E92 /* Sources */,
				FA938B301CD84E5B00CD5E92 /* Frameworks */,
				FA938B311CD84E5B00CD5E92 /* Resources */,
			);
			buildRules = (
			);
			dependencies = (
				FA938B351CD84E5B00CD5E92 /* PBXTargetDependency */,
			);
			name = ListennUITests;
			productName = ListennUITests;
			productReference = FA938B331CD84E5B00CD5E92 /* ListennUITests.xctest */;
			productType = "com.apple.product-type.bundle.ui-testing";
		};
/* End PBXNativeTarget section */

/* Begin PBXProject section */
		FA938B0C1CD84E5B00CD5E92 /* Project object */ = {
			isa = PBXProject;
			attributes = {
				LastSwiftUpdateCheck = 0730;
				LastUpgradeCheck = 0730;
				ORGANIZATIONNAME = MonteThakkar;
				TargetAttributes = {
					FA938B131CD84E5B00CD5E92 = {
						CreatedOnToolsVersion = 7.3;
						DevelopmentTeam = C3V4QQ3VFL;
					};
					FA938B271CD84E5B00CD5E92 = {
						CreatedOnToolsVersion = 7.3;
						TestTargetID = FA938B131CD84E5B00CD5E92;
					};
					FA938B321CD84E5B00CD5E92 = {
						CreatedOnToolsVersion = 7.3;
						TestTargetID = FA938B131CD84E5B00CD5E92;
					};
				};
			};
			buildConfigurationList = FA938B0F1CD84E5B00CD5E92 /* Build configuration list for PBXProject "Listenn" */;
			compatibilityVersion = "Xcode 3.2";
			developmentRegion = English;
			hasScannedForEncodings = 0;
			knownRegions = (
				en,
				Base,
			);
			mainGroup = FA938B0B1CD84E5B00CD5E92;
			productRefGroup = FA938B151CD84E5B00CD5E92 /* Products */;
			projectDirPath = "";
			projectRoot = "";
			targets = (
				FA938B131CD84E5B00CD5E92 /* Listenn */,
				FA938B271CD84E5B00CD5E92 /* ListennTests */,
				FA938B321CD84E5B00CD5E92 /* ListennUITests */,
			);
		};
/* End PBXProject section */

/* Begin PBXResourcesBuildPhase section */
		FA938B121CD84E5B00CD5E92 /* Resources */ = {
			isa = PBXResourcesBuildPhase;
			buildActionMask = 2147483647;
			files = (
				FA938B221CD84E5B00CD5E92 /* LaunchScreen.storyboard in Resources */,
				FA938B1F1CD84E5B00CD5E92 /* Assets.xcassets in Resources */,
				FA938B1D1CD84E5B00CD5E92 /* Main.storyboard in Resources */,
			);
			runOnlyForDeploymentPostprocessing = 0;
		};
		FA938B261CD84E5B00CD5E92 /* Resources */ = {
			isa = PBXResourcesBuildPhase;
			buildActionMask = 2147483647;
			files = (
			);
			runOnlyForDeploymentPostprocessing = 0;
		};
		FA938B311CD84E5B00CD5E92 /* Resources */ = {
			isa = PBXResourcesBuildPhase;
			buildActionMask = 2147483647;
			files = (
			);
			runOnlyForDeploymentPostprocessing = 0;
		};
/* End PBXResourcesBuildPhase section */

/* Begin PBXShellScriptBuildPhase section */
		31622F77343B82B9349C4401 /* Embed Pods Frameworks */ = {
			isa = PBXShellScriptBuildPhase;
			buildActionMask = 2147483647;
			files = (
			);
			inputPaths = (
			);
			name = "Embed Pods Frameworks";
			outputPaths = (
			);
			runOnlyForDeploymentPostprocessing = 0;
			shellPath = /bin/sh;
			shellScript = "\"${SRCROOT}/Pods/Target Support Files/Pods-Listenn/Pods-Listenn-frameworks.sh\"\n";
			showEnvVarsInLog = 0;
		};
		464D66E9FD0B7BA795CA637F /* Check Pods Manifest.lock */ = {
			isa = PBXShellScriptBuildPhase;
			buildActionMask = 2147483647;
			files = (
			);
			inputPaths = (
			);
			name = "Check Pods Manifest.lock";
			outputPaths = (
			);
			runOnlyForDeploymentPostprocessing = 0;
			shellPath = /bin/sh;
			shellScript = "diff \"${PODS_ROOT}/../Podfile.lock\" \"${PODS_ROOT}/Manifest.lock\" > /dev/null\nif [[ $? != 0 ]] ; then\n    cat << EOM\nerror: The sandbox is not in sync with the Podfile.lock. Run 'pod install' or update your CocoaPods installation.\nEOM\n    exit 1\nfi\n";
			showEnvVarsInLog = 0;
		};
		CB36CD1B175A5CA86715DFD6 /* Copy Pods Resources */ = {
			isa = PBXShellScriptBuildPhase;
			buildActionMask = 2147483647;
			files = (
			);
			inputPaths = (
			);
			name = "Copy Pods Resources";
			outputPaths = (
			);
			runOnlyForDeploymentPostprocessing = 0;
			shellPath = /bin/sh;
			shellScript = "\"${SRCROOT}/Pods/Target Support Files/Pods-Listenn/Pods-Listenn-resources.sh\"\n";
			showEnvVarsInLog = 0;
		};
/* End PBXShellScriptBuildPhase section */

/* Begin PBXSourcesBuildPhase section */
		FA938B101CD84E5B00CD5E92 /* Sources */ = {
			isa = PBXSourcesBuildPhase;
			buildActionMask = 2147483647;
			files = (
				FA7CE0EB1CD8DC1A001F4268 /* MapController.swift in Sources */,
				FAA2F2771CD8E41300F12C4B /* WikiManager.swift in Sources */,
				FA7CE0EF1CD8DF00001F4268 /* ListController.swift in Sources */,
				ECDBDF711D288BDA00CCE6B3 /* SwitchCell.swift in Sources */,
				FABE61FB1CFA2FBB000C05A7 /* SVPlacemark.m in Sources */,
				FA938B1A1CD84E5B00CD5E92 /* ViewController.swift in Sources */,
				FABE61FA1CFA2FBB000C05A7 /* SVGeocoder.m in Sources */,
				FAC0A74D1CD9E6CB00D33410 /* ArticleCell.swift in Sources */,
				ECDBDF6E1D286C9700CCE6B3 /* FilterViewController.swift in Sources */,
				FA6436E51CDDA7AF00484FFD /* SonarAnnotationView.swift in Sources */,
				FA7CE0E91CD8D311001F4268 /* WikiArticle.swift in Sources */,
				ECDBDF731D288BEE00CCE6B3 /* SelectCell.swift in Sources */,
				FA6436E31CDDA7A200484FFD /* Annotation.swift in Sources */,
				ECDBDF751D288BFB00CCE6B3 /* ResetCell.swift in Sources */,
				ECDBDF771D288C2800CCE6B3 /* FeedbackCell.swift in Sources */,
				FA43D3951D0CB4C100551240 /* LocationService.swift in Sources */,
				FA938B181CD84E5B00CD5E92 /* AppDelegate.swift in Sources */,
			);
			runOnlyForDeploymentPostprocessing = 0;
		};
		FA938B241CD84E5B00CD5E92 /* Sources */ = {
			isa = PBXSourcesBuildPhase;
			buildActionMask = 2147483647;
			files = (
				FA938B2D1CD84E5B00CD5E92 /* ListennTests.swift in Sources */,
			);
			runOnlyForDeploymentPostprocessing = 0;
		};
		FA938B2F1CD84E5B00CD5E92 /* Sources */ = {
			isa = PBXSourcesBuildPhase;
			buildActionMask = 2147483647;
			files = (
				FA938B381CD84E5B00CD5E92 /* ListennUITests.swift in Sources */,
			);
			runOnlyForDeploymentPostprocessing = 0;
		};
/* End PBXSourcesBuildPhase section */

/* Begin PBXTargetDependency section */
		FA938B2A1CD84E5B00CD5E92 /* PBXTargetDependency */ = {
			isa = PBXTargetDependency;
			target = FA938B131CD84E5B00CD5E92 /* Listenn */;
			targetProxy = FA938B291CD84E5B00CD5E92 /* PBXContainerItemProxy */;
		};
		FA938B351CD84E5B00CD5E92 /* PBXTargetDependency */ = {
			isa = PBXTargetDependency;
			target = FA938B131CD84E5B00CD5E92 /* Listenn */;
			targetProxy = FA938B341CD84E5B00CD5E92 /* PBXContainerItemProxy */;
		};
/* End PBXTargetDependency section */

/* Begin PBXVariantGroup section */
		FA938B1B1CD84E5B00CD5E92 /* Main.storyboard */ = {
			isa = PBXVariantGroup;
			children = (
				FA938B1C1CD84E5B00CD5E92 /* Base */,
			);
			name = Main.storyboard;
			sourceTree = "<group>";
		};
		FA938B201CD84E5B00CD5E92 /* LaunchScreen.storyboard */ = {
			isa = PBXVariantGroup;
			children = (
				FA938B211CD84E5B00CD5E92 /* Base */,
			);
			name = LaunchScreen.storyboard;
			sourceTree = "<group>";
		};
/* End PBXVariantGroup section */

/* Begin XCBuildConfiguration section */
		FA938B3A1CD84E5B00CD5E92 /* Debug */ = {
			isa = XCBuildConfiguration;
			buildSettings = {
				ALWAYS_SEARCH_USER_PATHS = NO;
				CLANG_ANALYZER_NONNULL = YES;
				CLANG_CXX_LANGUAGE_STANDARD = "gnu++0x";
				CLANG_CXX_LIBRARY = "libc++";
				CLANG_ENABLE_MODULES = YES;
				CLANG_ENABLE_OBJC_ARC = YES;
				CLANG_WARN_BOOL_CONVERSION = YES;
				CLANG_WARN_CONSTANT_CONVERSION = YES;
				CLANG_WARN_DIRECT_OBJC_ISA_USAGE = YES_ERROR;
				CLANG_WARN_EMPTY_BODY = YES;
				CLANG_WARN_ENUM_CONVERSION = YES;
				CLANG_WARN_INT_CONVERSION = YES;
				CLANG_WARN_OBJC_ROOT_CLASS = YES_ERROR;
				CLANG_WARN_UNREACHABLE_CODE = YES;
				CLANG_WARN__DUPLICATE_METHOD_MATCH = YES;
				"CODE_SIGN_IDENTITY[sdk=iphoneos*]" = "iPhone Developer";
				COPY_PHASE_STRIP = NO;
				DEBUG_INFORMATION_FORMAT = dwarf;
				ENABLE_STRICT_OBJC_MSGSEND = YES;
				ENABLE_TESTABILITY = YES;
				GCC_C_LANGUAGE_STANDARD = gnu99;
				GCC_DYNAMIC_NO_PIC = NO;
				GCC_NO_COMMON_BLOCKS = YES;
				GCC_OPTIMIZATION_LEVEL = 0;
				GCC_PREPROCESSOR_DEFINITIONS = (
					"DEBUG=1",
					"$(inherited)",
				);
				GCC_WARN_64_TO_32_BIT_CONVERSION = YES;
				GCC_WARN_ABOUT_RETURN_TYPE = YES_ERROR;
				GCC_WARN_UNDECLARED_SELECTOR = YES;
				GCC_WARN_UNINITIALIZED_AUTOS = YES_AGGRESSIVE;
				GCC_WARN_UNUSED_FUNCTION = YES;
				GCC_WARN_UNUSED_VARIABLE = YES;
				IPHONEOS_DEPLOYMENT_TARGET = 9.3;
				MTL_ENABLE_DEBUG_INFO = YES;
				ONLY_ACTIVE_ARCH = YES;
				SDKROOT = iphoneos;
				SWIFT_OPTIMIZATION_LEVEL = "-Onone";
			};
			name = Debug;
		};
		FA938B3B1CD84E5B00CD5E92 /* Release */ = {
			isa = XCBuildConfiguration;
			buildSettings = {
				ALWAYS_SEARCH_USER_PATHS = NO;
				CLANG_ANALYZER_NONNULL = YES;
				CLANG_CXX_LANGUAGE_STANDARD = "gnu++0x";
				CLANG_CXX_LIBRARY = "libc++";
				CLANG_ENABLE_MODULES = YES;
				CLANG_ENABLE_OBJC_ARC = YES;
				CLANG_WARN_BOOL_CONVERSION = YES;
				CLANG_WARN_CONSTANT_CONVERSION = YES;
				CLANG_WARN_DIRECT_OBJC_ISA_USAGE = YES_ERROR;
				CLANG_WARN_EMPTY_BODY = YES;
				CLANG_WARN_ENUM_CONVERSION = YES;
				CLANG_WARN_INT_CONVERSION = YES;
				CLANG_WARN_OBJC_ROOT_CLASS = YES_ERROR;
				CLANG_WARN_UNREACHABLE_CODE = YES;
				CLANG_WARN__DUPLICATE_METHOD_MATCH = YES;
				"CODE_SIGN_IDENTITY[sdk=iphoneos*]" = "iPhone Developer";
				COPY_PHASE_STRIP = NO;
				DEBUG_INFORMATION_FORMAT = "dwarf-with-dsym";
				ENABLE_NS_ASSERTIONS = NO;
				ENABLE_STRICT_OBJC_MSGSEND = YES;
				GCC_C_LANGUAGE_STANDARD = gnu99;
				GCC_NO_COMMON_BLOCKS = YES;
				GCC_WARN_64_TO_32_BIT_CONVERSION = YES;
				GCC_WARN_ABOUT_RETURN_TYPE = YES_ERROR;
				GCC_WARN_UNDECLARED_SELECTOR = YES;
				GCC_WARN_UNINITIALIZED_AUTOS = YES_AGGRESSIVE;
				GCC_WARN_UNUSED_FUNCTION = YES;
				GCC_WARN_UNUSED_VARIABLE = YES;
				IPHONEOS_DEPLOYMENT_TARGET = 9.3;
				MTL_ENABLE_DEBUG_INFO = NO;
				SDKROOT = iphoneos;
				VALIDATE_PRODUCT = YES;
			};
			name = Release;
		};
		FA938B3D1CD84E5B00CD5E92 /* Debug */ = {
			isa = XCBuildConfiguration;
			baseConfigurationReference = 19590A08CB9695B9D5C3B729 /* Pods-Listenn.debug.xcconfig */;
			buildSettings = {
				ASSETCATALOG_COMPILER_APPICON_NAME = AppIcon;
				CLANG_ENABLE_MODULES = YES;
				CODE_SIGN_IDENTITY = "iPhone Developer";
				"CODE_SIGN_IDENTITY[sdk=iphoneos*]" = "iPhone Developer";
				INFOPLIST_FILE = Listenn/Info.plist;
				LD_RUNPATH_SEARCH_PATHS = "$(inherited) @executable_path/Frameworks";
				PRODUCT_BUNDLE_IDENTIFIER = com.montethakkar.Listenn.com;
				PRODUCT_NAME = "$(TARGET_NAME)";
				PROVISIONING_PROFILE = "";
				SWIFT_OBJC_BRIDGING_HEADER = "Listenn/Listenn-Bridging-Header.h";
				SWIFT_OPTIMIZATION_LEVEL = "-Onone";
			};
			name = Debug;
		};
		FA938B3E1CD84E5B00CD5E92 /* Release */ = {
			isa = XCBuildConfiguration;
			baseConfigurationReference = 85929B717D0872683508A405 /* Pods-Listenn.release.xcconfig */;
			buildSettings = {
				ASSETCATALOG_COMPILER_APPICON_NAME = AppIcon;
				CLANG_ENABLE_MODULES = YES;
				CODE_SIGN_IDENTITY = "iPhone Developer";
				"CODE_SIGN_IDENTITY[sdk=iphoneos*]" = "iPhone Developer";
				INFOPLIST_FILE = Listenn/Info.plist;
				LD_RUNPATH_SEARCH_PATHS = "$(inherited) @executable_path/Frameworks";
				PRODUCT_BUNDLE_IDENTIFIER = com.montethakkar.Listenn.com;
				PRODUCT_NAME = "$(TARGET_NAME)";
				PROVISIONING_PROFILE = "";
				SWIFT_OBJC_BRIDGING_HEADER = "Listenn/Listenn-Bridging-Header.h";
			};
			name = Release;
		};
		FA938B401CD84E5B00CD5E92 /* Debug */ = {
			isa = XCBuildConfiguration;
			buildSettings = {
				BUNDLE_LOADER = "$(TEST_HOST)";
				INFOPLIST_FILE = ListennTests/Info.plist;
				LD_RUNPATH_SEARCH_PATHS = "$(inherited) @executable_path/Frameworks @loader_path/Frameworks";
				PRODUCT_BUNDLE_IDENTIFIER = com.montethakkar.ListennTests;
				PRODUCT_NAME = "$(TARGET_NAME)";
				TEST_HOST = "$(BUILT_PRODUCTS_DIR)/Listenn.app/Listenn";
			};
			name = Debug;
		};
		FA938B411CD84E5B00CD5E92 /* Release */ = {
			isa = XCBuildConfiguration;
			buildSettings = {
				BUNDLE_LOADER = "$(TEST_HOST)";
				INFOPLIST_FILE = ListennTests/Info.plist;
				LD_RUNPATH_SEARCH_PATHS = "$(inherited) @executable_path/Frameworks @loader_path/Frameworks";
				PRODUCT_BUNDLE_IDENTIFIER = com.montethakkar.ListennTests;
				PRODUCT_NAME = "$(TARGET_NAME)";
				TEST_HOST = "$(BUILT_PRODUCTS_DIR)/Listenn.app/Listenn";
			};
			name = Release;
		};
		FA938B431CD84E5B00CD5E92 /* Debug */ = {
			isa = XCBuildConfiguration;
			buildSettings = {
				INFOPLIST_FILE = ListennUITests/Info.plist;
				LD_RUNPATH_SEARCH_PATHS = "$(inherited) @executable_path/Frameworks @loader_path/Frameworks";
				PRODUCT_BUNDLE_IDENTIFIER = com.montethakkar.ListennUITests;
				PRODUCT_NAME = "$(TARGET_NAME)";
				TEST_TARGET_NAME = Listenn;
			};
			name = Debug;
		};
		FA938B441CD84E5B00CD5E92 /* Release */ = {
			isa = XCBuildConfiguration;
			buildSettings = {
				INFOPLIST_FILE = ListennUITests/Info.plist;
				LD_RUNPATH_SEARCH_PATHS = "$(inherited) @executable_path/Frameworks @loader_path/Frameworks";
				PRODUCT_BUNDLE_IDENTIFIER = com.montethakkar.ListennUITests;
				PRODUCT_NAME = "$(TARGET_NAME)";
				TEST_TARGET_NAME = Listenn;
			};
			name = Release;
		};
/* End XCBuildConfiguration section */

/* Begin XCConfigurationList section */
		FA938B0F1CD84E5B00CD5E92 /* Build configuration list for PBXProject "Listenn" */ = {
			isa = XCConfigurationList;
			buildConfigurations = (
				FA938B3A1CD84E5B00CD5E92 /* Debug */,
				FA938B3B1CD84E5B00CD5E92 /* Release */,
			);
			defaultConfigurationIsVisible = 0;
			defaultConfigurationName = Release;
		};
		FA938B3C1CD84E5B00CD5E92 /* Build configuration list for PBXNativeTarget "Listenn" */ = {
			isa = XCConfigurationList;
			buildConfigurations = (
				FA938B3D1CD84E5B00CD5E92 /* Debug */,
				FA938B3E1CD84E5B00CD5E92 /* Release */,
			);
			defaultConfigurationIsVisible = 0;
			defaultConfigurationName = Release;
		};
		FA938B3F1CD84E5B00CD5E92 /* Build configuration list for PBXNativeTarget "ListennTests" */ = {
			isa = XCConfigurationList;
			buildConfigurations = (
				FA938B401CD84E5B00CD5E92 /* Debug */,
				FA938B411CD84E5B00CD5E92 /* Release */,
			);
			defaultConfigurationIsVisible = 0;
			defaultConfigurationName = Release;
		};
		FA938B421CD84E5B00CD5E92 /* Build configuration list for PBXNativeTarget "ListennUITests" */ = {
			isa = XCConfigurationList;
			buildConfigurations = (
				FA938B431CD84E5B00CD5E92 /* Debug */,
				FA938B441CD84E5B00CD5E92 /* Release */,
			);
			defaultConfigurationIsVisible = 0;
			defaultConfigurationName = Release;
		};
/* End XCConfigurationList section */
	};
	rootObject = FA938B0C1CD84E5B00CD5E92 /* Project object */;
}
